
Microsoft Visual Studio Solution File, Format Version 12.00
# Visual Studio Version 17
VisualStudioVersion = 17.7.34221.43
MinimumVisualStudioVersion = 10.0.40219.1
Project("{8BC9CEB8-8B4A-11D0-8D11-00A0C91BC942}") = "keylogger_client", "keylogger_client\keylogger_client.vcxproj", "{88F1BB7E-7175-4755-91A4-20488E3FE553}"
EndProject
Global
	GlobalSection(SolutionConfigurationPlatforms) = preSolution
		Debug|x64 = Debug|x64
		Debug|x86 = Debug|x86
		Release|x64 = Release|x64
		Release|x86 = Release|x86
	EndGlobalSection
	GlobalSection(ProjectConfigurationPlatforms) = postSolution
		{88F1BB7E-7175-4755-91A4-20488E3FE553}.Debug|x64.ActiveCfg = Debug|x64
		{88F1BB7E-7175-4755-91A4-20488E3FE553}.Debug|x64.Build.0 = Debug|x64
		{88F1BB7E-7175-4755-91A4-20488E3FE553}.Debug|x86.ActiveCfg = Debug|Win32
		{88F1BB7E-7175-4755-91A4-20488E3FE553}.Debug|x86.Build.0 = Debug|Win32
		{88F1BB7E-7175-4755-91A4-20488E3FE553}.Release|x64.ActiveCfg = Release|x64
		{88F1BB7E-7175-4755-91A4-20488E3FE553}.Release|x64.Build.0 = Release|x64
		{88F1BB7E-7175-4755-91A4-20488E3FE553}.Release|x86.ActiveCfg = Release|Win32
		{88F1BB7E-7175-4755-91A4-20488E3FE553}.Release|x86.Build.0 = Release|Win32
	EndGlobalSection
	GlobalSection(SolutionProperties) = preSolution
		HideSolutionNode = FALSE
	EndGlobalSection
	GlobalSection(ExtensibilityGlobals) = postSolution
		SolutionGuid = {B2B90FE5-1A0A-4357-A2AF-64A114CD2A76}
	EndGlobalSection
EndGlobal
